
Microsoft Visual Studio Solution File, Format Version 12.00
# Visual Studio Version 17
VisualStudioVersion = 17.13.35919.96 d17.13
MinimumVisualStudioVersion = 10.0.40219.1
Project("{FAE04EC0-301F-11D3-BF4B-00C04F79EFBC}") = "AIQ.DicomServer", "AIQ.DicomServer\AIQ.DicomServer.csproj", "{EBA14E94-43F8-4486-AE03-9E80DD57509F}"
EndProject
Global
	GlobalSection(SolutionConfigurationPlatforms) = preSolution
		Debug|Any CPU = Debug|Any CPU
		Release|Any CPU = Release|Any CPU
	EndGlobalSection
	GlobalSection(ProjectConfigurationPlatforms) = postSolution
		{EBA14E94-43F8-4486-AE03-9E80DD57509F}.Debug|Any CPU.ActiveCfg = Debug|Any CPU
		{EBA14E94-43F8-4486-AE03-9E80DD57509F}.Debug|Any CPU.Build.0 = Debug|Any CPU
		{EBA14E94-43F8-4486-AE03-9E80DD57509F}.Release|Any CPU.ActiveCfg = Release|Any CPU
		{EBA14E94-43F8-4486-AE03-9E80DD57509F}.Release|Any CPU.Build.0 = Release|Any CPU
	EndGlobalSection
	GlobalSection(SolutionProperties) = preSolution
		HideSolutionNode = FALSE
	EndGlobalSection
	GlobalSection(ExtensibilityGlobals) = postSolution
		SolutionGuid = {791825C5-520E-4D4B-9DEF-E41C4A499B4D}
	EndGlobalSection
EndGlobal
