
Microsoft Visual Studio Solution File, Format Version 12.00
# Visual Studio Version 17
VisualStudioVersion = 17.10.34928.147
MinimumVisualStudioVersion = 10.0.40219.1
Project("{FAE04EC0-301F-11D3-BF4B-00C04F79EFBC}") = "FrontendApi", "FrontendApi\FrontendApi.csproj", "{7AD22B8A-A964-493B-A6D2-BF5ADCC3039C}"
EndProject
Project("{FAE04EC0-301F-11D3-BF4B-00C04F79EFBC}") = "BackendTaskApp", "BackendTaskApp\BackendTaskApp.csproj", "{C04DC4A3-B406-4F7E-8E5F-A5FFA89866ED}"
EndProject
Project("{FAE04EC0-301F-11D3-BF4B-00C04F79EFBC}") = "TestAppModels", "TestAppModels\TestAppModels.csproj", "{9FEFC2D2-6991-4764-A1B5-95F13FBD4576}"
EndProject
Global
	GlobalSection(SolutionConfigurationPlatforms) = preSolution
		Debug|Any CPU = Debug|Any CPU
		Release|Any CPU = Release|Any CPU
	EndGlobalSection
	GlobalSection(ProjectConfigurationPlatforms) = postSolution
		{7AD22B8A-A964-493B-A6D2-BF5ADCC3039C}.Debug|Any CPU.ActiveCfg = Debug|Any CPU
		{7AD22B8A-A964-493B-A6D2-BF5ADCC3039C}.Debug|Any CPU.Build.0 = Debug|Any CPU
		{7AD22B8A-A964-493B-A6D2-BF5ADCC3039C}.Release|Any CPU.ActiveCfg = Release|Any CPU
		{7AD22B8A-A964-493B-A6D2-BF5ADCC3039C}.Release|Any CPU.Build.0 = Release|Any CPU
		{C04DC4A3-B406-4F7E-8E5F-A5FFA89866ED}.Debug|Any CPU.ActiveCfg = Debug|Any CPU
		{C04DC4A3-B406-4F7E-8E5F-A5FFA89866ED}.Debug|Any CPU.Build.0 = Debug|Any CPU
		{C04DC4A3-B406-4F7E-8E5F-A5FFA89866ED}.Release|Any CPU.ActiveCfg = Release|Any CPU
		{C04DC4A3-B406-4F7E-8E5F-A5FFA89866ED}.Release|Any CPU.Build.0 = Release|Any CPU
		{9FEFC2D2-6991-4764-A1B5-95F13FBD4576}.Debug|Any CPU.ActiveCfg = Debug|Any CPU
		{9FEFC2D2-6991-4764-A1B5-95F13FBD4576}.Debug|Any CPU.Build.0 = Debug|Any CPU
		{9FEFC2D2-6991-4764-A1B5-95F13FBD4576}.Release|Any CPU.ActiveCfg = Release|Any CPU
		{9FEFC2D2-6991-4764-A1B5-95F13FBD4576}.Release|Any CPU.Build.0 = Release|Any CPU
	EndGlobalSection
	GlobalSection(SolutionProperties) = preSolution
		HideSolutionNode = FALSE
	EndGlobalSection
	GlobalSection(ExtensibilityGlobals) = postSolution
		SolutionGuid = {9519988D-3CD3-4A5C-A65B-F1FB0BF8660E}
	EndGlobalSection
EndGlobal
